
Microsoft Visual Studio Solution File, Format Version 12.00
# Visual Studio 15
VisualStudioVersion = 15.0.28010.2050
MinimumVisualStudioVersion = 10.0.40219.1
Project("{FAE04EC0-301F-11D3-BF4B-00C04F79EFBC}") = "Ülesanne6", "Ülesanne6\Ülesanne6.csproj", "{9AF84FD8-EACA-4D22-95CA-B63B7CD42AC9}"
EndProject
Global
	GlobalSection(SolutionConfigurationPlatforms) = preSolution
		Debug|Any CPU = Debug|Any CPU
		Release|Any CPU = Release|Any CPU
	EndGlobalSection
	GlobalSection(ProjectConfigurationPlatforms) = postSolution
		{9AF84FD8-EACA-4D22-95CA-B63B7CD42AC9}.Debug|Any CPU.ActiveCfg = Debug|Any CPU
		{9AF84FD8-EACA-4D22-95CA-B63B7CD42AC9}.Debug|Any CPU.Build.0 = Debug|Any CPU
		{9AF84FD8-EACA-4D22-95CA-B63B7CD42AC9}.Release|Any CPU.ActiveCfg = Release|Any CPU
		{9AF84FD8-EACA-4D22-95CA-B63B7CD42AC9}.Release|Any CPU.Build.0 = Release|Any CPU
	EndGlobalSection
	GlobalSection(SolutionProperties) = preSolution
		HideSolutionNode = FALSE
	EndGlobalSection
	GlobalSection(ExtensibilityGlobals) = postSolution
		SolutionGuid = {BEED1A59-EDC4-4B6A-B560-ABB2589A9674}
	EndGlobalSection
EndGlobal
