
Microsoft Visual Studio Solution File, Format Version 12.00
# Visual Studio 15
VisualStudioVersion = 15.0.28010.2050
MinimumVisualStudioVersion = 10.0.40219.1
Project("{FAE04EC0-301F-11D3-BF4B-00C04F79EFBC}") = "Kodutoo02", "Kodutoo02\Kodutoo02.csproj", "{FBE0D5D1-D0D5-4F7F-BAD7-4905C16E6A78}"
EndProject
Global
	GlobalSection(SolutionConfigurationPlatforms) = preSolution
		Debug|Any CPU = Debug|Any CPU
		Release|Any CPU = Release|Any CPU
	EndGlobalSection
	GlobalSection(ProjectConfigurationPlatforms) = postSolution
		{FBE0D5D1-D0D5-4F7F-BAD7-4905C16E6A78}.Debug|Any CPU.ActiveCfg = Debug|Any CPU
		{FBE0D5D1-D0D5-4F7F-BAD7-4905C16E6A78}.Debug|Any CPU.Build.0 = Debug|Any CPU
		{FBE0D5D1-D0D5-4F7F-BAD7-4905C16E6A78}.Release|Any CPU.ActiveCfg = Release|Any CPU
		{FBE0D5D1-D0D5-4F7F-BAD7-4905C16E6A78}.Release|Any CPU.Build.0 = Release|Any CPU
	EndGlobalSection
	GlobalSection(SolutionProperties) = preSolution
		HideSolutionNode = FALSE
	EndGlobalSection
	GlobalSection(ExtensibilityGlobals) = postSolution
		SolutionGuid = {293779B2-F8C3-474B-9DE5-6E6657557E64}
	EndGlobalSection
EndGlobal
