
Microsoft Visual Studio Solution File, Format Version 12.00
# Visual Studio 15
VisualStudioVersion = 15.0.28010.2050
MinimumVisualStudioVersion = 10.0.40219.1
Project("{FAE04EC0-301F-11D3-BF4B-00C04F79EFBC}") = "Koolmeister_Tiina_Matemaatika", "Koolmeister_Tiina_Matemaatika\Koolmeister_Tiina_Matemaatika.csproj", "{92633036-0D37-4F5C-8970-8B1C9AF0771E}"
EndProject
Global
	GlobalSection(SolutionConfigurationPlatforms) = preSolution
		Debug|Any CPU = Debug|Any CPU
		Release|Any CPU = Release|Any CPU
	EndGlobalSection
	GlobalSection(ProjectConfigurationPlatforms) = postSolution
		{92633036-0D37-4F5C-8970-8B1C9AF0771E}.Debug|Any CPU.ActiveCfg = Debug|Any CPU
		{92633036-0D37-4F5C-8970-8B1C9AF0771E}.Debug|Any CPU.Build.0 = Debug|Any CPU
		{92633036-0D37-4F5C-8970-8B1C9AF0771E}.Release|Any CPU.ActiveCfg = Release|Any CPU
		{92633036-0D37-4F5C-8970-8B1C9AF0771E}.Release|Any CPU.Build.0 = Release|Any CPU
	EndGlobalSection
	GlobalSection(SolutionProperties) = preSolution
		HideSolutionNode = FALSE
	EndGlobalSection
	GlobalSection(ExtensibilityGlobals) = postSolution
		SolutionGuid = {786B22AF-E494-482B-8CB7-DF2DF58DBEA6}
	EndGlobalSection
EndGlobal
