
Microsoft Visual Studio Solution File, Format Version 12.00
# Visual Studio 15
VisualStudioVersion = 15.0.28010.2050
MinimumVisualStudioVersion = 10.0.40219.1
Project("{FAE04EC0-301F-11D3-BF4B-00C04F79EFBC}") = "Koolmeister_Tiina_Kodutoo2", "Koolmeister_Tiina_Kodutoo2\Koolmeister_Tiina_Kodutoo2.csproj", "{04C2CCF3-1420-4ABA-BE9C-68307AC55F3D}"
EndProject
Global
	GlobalSection(SolutionConfigurationPlatforms) = preSolution
		Debug|Any CPU = Debug|Any CPU
		Release|Any CPU = Release|Any CPU
	EndGlobalSection
	GlobalSection(ProjectConfigurationPlatforms) = postSolution
		{04C2CCF3-1420-4ABA-BE9C-68307AC55F3D}.Debug|Any CPU.ActiveCfg = Debug|Any CPU
		{04C2CCF3-1420-4ABA-BE9C-68307AC55F3D}.Debug|Any CPU.Build.0 = Debug|Any CPU
		{04C2CCF3-1420-4ABA-BE9C-68307AC55F3D}.Release|Any CPU.ActiveCfg = Release|Any CPU
		{04C2CCF3-1420-4ABA-BE9C-68307AC55F3D}.Release|Any CPU.Build.0 = Release|Any CPU
	EndGlobalSection
	GlobalSection(SolutionProperties) = preSolution
		HideSolutionNode = FALSE
	EndGlobalSection
	GlobalSection(ExtensibilityGlobals) = postSolution
		SolutionGuid = {25AA3F54-400B-479D-8AE0-14D0695E4369}
	EndGlobalSection
EndGlobal
