
Microsoft Visual Studio Solution File, Format Version 12.00
# Visual Studio 15
VisualStudioVersion = 15.0.28010.2050
MinimumVisualStudioVersion = 10.0.40219.1
Project("{FAE04EC0-301F-11D3-BF4B-00C04F79EFBC}") = "AndmeteSisestusVorm", "AndmeteSisestusVorm\AndmeteSisestusVorm.csproj", "{72B7FB48-A079-4E21-8B7C-A7C933196D99}"
EndProject
Global
	GlobalSection(SolutionConfigurationPlatforms) = preSolution
		Debug|Any CPU = Debug|Any CPU
		Release|Any CPU = Release|Any CPU
	EndGlobalSection
	GlobalSection(ProjectConfigurationPlatforms) = postSolution
		{72B7FB48-A079-4E21-8B7C-A7C933196D99}.Debug|Any CPU.ActiveCfg = Debug|Any CPU
		{72B7FB48-A079-4E21-8B7C-A7C933196D99}.Debug|Any CPU.Build.0 = Debug|Any CPU
		{72B7FB48-A079-4E21-8B7C-A7C933196D99}.Release|Any CPU.ActiveCfg = Release|Any CPU
		{72B7FB48-A079-4E21-8B7C-A7C933196D99}.Release|Any CPU.Build.0 = Release|Any CPU
	EndGlobalSection
	GlobalSection(SolutionProperties) = preSolution
		HideSolutionNode = FALSE
	EndGlobalSection
	GlobalSection(ExtensibilityGlobals) = postSolution
		SolutionGuid = {02E70C09-A0A7-4F1D-9B49-8C4EDD7EE301}
	EndGlobalSection
EndGlobal
